
Microsoft Visual Studio Solution File, Format Version 12.00
# Visual Studio Version 16
VisualStudioVersion = 25.0.1700.0
MinimumVisualStudioVersion = 10.0.40219.1
Project("{FAE04EC0-301F-11D3-BF4B-00C04F79EFBC}") = "360o.Server", "360o.Server\360o.Server.csproj", "{8F68034B-F223-4ACD-8FAC-873C7ED0643E}"
EndProject
Global
	GlobalSection(SolutionConfigurationPlatforms) = preSolution
		Debug|Any CPU = Debug|Any CPU
		Release|Any CPU = Release|Any CPU
	EndGlobalSection
	GlobalSection(ProjectConfigurationPlatforms) = postSolution
		{8F68034B-F223-4ACD-8FAC-873C7ED0643E}.Debug|Any CPU.ActiveCfg = Debug|Any CPU
		{8F68034B-F223-4ACD-8FAC-873C7ED0643E}.Debug|Any CPU.Build.0 = Debug|Any CPU
		{8F68034B-F223-4ACD-8FAC-873C7ED0643E}.Release|Any CPU.ActiveCfg = Release|Any CPU
		{8F68034B-F223-4ACD-8FAC-873C7ED0643E}.Release|Any CPU.Build.0 = Release|Any CPU
	EndGlobalSection
	GlobalSection(SolutionProperties) = preSolution
		HideSolutionNode = FALSE
	EndGlobalSection
	GlobalSection(ExtensibilityGlobals) = postSolution
		SolutionGuid = {DFB54B73-A36C-478B-BF41-C3DC9F11BAC4}
	EndGlobalSection
EndGlobal
